// !$*UTF8*$!
{
	archiveVersion = 1;
	classes = {
	};
	objectVersion = 46;
	objects = {

/* Begin PBXBuildFile section */
		491176F21B55A0DA00665F1E /* newGameViewController.swift in Sources */ = {isa = PBXBuildFile; fileRef = 491176F11B55A0DA00665F1E /* newGameViewController.swift */; };
		491176F91B55C55000665F1E /* headerViewCell.swift in Sources */ = {isa = PBXBuildFile; fileRef = 491176F61B55C55000665F1E /* headerViewCell.swift */; };
		491176FB1B55C55000665F1E /* NewGameTableViewController.swift in Sources */ = {isa = PBXBuildFile; fileRef = 491176F81B55C55000665F1E /* NewGameTableViewController.swift */; };
		491176FD1B55C7B800665F1E /* mainGameTableViewCell.swift in Sources */ = {isa = PBXBuildFile; fileRef = 491176FC1B55C7B800665F1E /* mainGameTableViewCell.swift */; };
		491176FF1B561DFA00665F1E /* SettingsViewController.swift in Sources */ = {isa = PBXBuildFile; fileRef = 491176FE1B561DFA00665F1E /* SettingsViewController.swift */; };
		491177011B56EA0800665F1E /* AddFriendsViewController.swift in Sources */ = {isa = PBXBuildFile; fileRef = 491177001B56EA0800665F1E /* AddFriendsViewController.swift */; };
		491177041B57017300665F1E /* Main.storyboard in Resources */ = {isa = PBXBuildFile; fileRef = 491177021B57017300665F1E /* Main.storyboard */; };
		491177081B57121300665F1E /* Profile Pictures? in Sources */ = {isa = PBXBuildFile; fileRef = 491177071B57121300665F1E /* Profile Pictures? */; };
		4911770A1B572B6100665F1E /* GameViewController.swift in Sources */ = {isa = PBXBuildFile; fileRef = 491177091B572B6100665F1E /* GameViewController.swift */; };
		493E9FE61B6EF24900142DE1 /* Picture.swift in Sources */ = {isa = PBXBuildFile; fileRef = 493E9FE51B6EF24900142DE1 /* Picture.swift */; };
		493E9FEE1B6F06BA00142DE1 /* RandomPhrasesGenerator.swift in Sources */ = {isa = PBXBuildFile; fileRef = 493E9FED1B6F06BA00142DE1 /* RandomPhrasesGenerator.swift */; };
		493E9FF01B6F117300142DE1 /* ChoiceViewController.swift in Sources */ = {isa = PBXBuildFile; fileRef = 493E9FEF1B6F117300142DE1 /* ChoiceViewController.swift */; };
		493E9FF41B71797D00142DE1 /* TaggleSurprisedSmall.png in Resources */ = {isa = PBXBuildFile; fileRef = 493E9FF31B71797D00142DE1 /* TaggleSurprisedSmall.png */; };
		493E9FF61B718C4300142DE1 /* AnswerBoxCorrect.png in Resources */ = {isa = PBXBuildFile; fileRef = 493E9FF51B718C4300142DE1 /* AnswerBoxCorrect.png */; };
		493E9FF81B718C7500142DE1 /* AnswerBoxGrey.png in Resources */ = {isa = PBXBuildFile; fileRef = 493E9FF71B718C7500142DE1 /* AnswerBoxGrey.png */; };
		498577841B682EBA005DEB59 /* TaggleStack.png in Resources */ = {isa = PBXBuildFile; fileRef = 498577831B682EBA005DEB59 /* TaggleStack.png */; };
		499419F81B5D78CF004F4760 /* AddFriendsTableViewCell.swift in Sources */ = {isa = PBXBuildFile; fileRef = 499419F71B5D78CF004F4760 /* AddFriendsTableViewCell.swift */; };
		49941A041B5DC3F2004F4760 /* ParseHelper.swift in Sources */ = {isa = PBXBuildFile; fileRef = 49941A031B5DC3F2004F4760 /* ParseHelper.swift */; };
		49D1F4C31B6C21AE00E65DF3 /* TaggleTitle.png in Resources */ = {isa = PBXBuildFile; fileRef = 49D1F4C21B6C21AE00E65DF3 /* TaggleTitle.png */; };
		49D1F4CF1B6C382700E65DF3 /* TaggleAngry.png in Resources */ = {isa = PBXBuildFile; fileRef = 49D1F4CB1B6C382700E65DF3 /* TaggleAngry.png */; };
		49D1F4D01B6C382700E65DF3 /* TaggleHappy.png in Resources */ = {isa = PBXBuildFile; fileRef = 49D1F4CC1B6C382700E65DF3 /* TaggleHappy.png */; };
		49D1F4D11B6C382700E65DF3 /* TaggleSad.png in Resources */ = {isa = PBXBuildFile; fileRef = 49D1F4CD1B6C382700E65DF3 /* TaggleSad.png */; };
		49D1F4D21B6C382700E65DF3 /* TaggleSurprised.png in Resources */ = {isa = PBXBuildFile; fileRef = 49D1F4CE1B6C382700E65DF3 /* TaggleSurprised.png */; };
		49D232B61B599E6E003EA8C3 /* GameLogic.swift in Sources */ = {isa = PBXBuildFile; fileRef = 49D232B51B599E6E003EA8C3 /* GameLogic.swift */; };
		49F216301B5440D600D7872C /* Fabric.framework in Frameworks */ = {isa = PBXBuildFile; fileRef = 49F2162E1B5440D600D7872C /* Fabric.framework */; };
		49F216311B5440D600D7872C /* Crashlytics.framework in Frameworks */ = {isa = PBXBuildFile; fileRef = 49F2162F1B5440D600D7872C /* Crashlytics.framework */; };
		49F216421B54D05900D7872C /* STHeitiLight.ttc in Resources */ = {isa = PBXBuildFile; fileRef = 49F216411B54CFA900D7872C /* STHeitiLight.ttc */; };
		624262C01B4460CB00005CE3 /* AppDelegate.swift in Sources */ = {isa = PBXBuildFile; fileRef = 624262B21B4460CB00005CE3 /* AppDelegate.swift */; };
		624262C11B4460CB00005CE3 /* LaunchScreen.xib in Resources */ = {isa = PBXBuildFile; fileRef = 624262B31B4460CB00005CE3 /* LaunchScreen.xib */; };
		624262C31B4460CB00005CE3 /* ErrorHandling.swift in Sources */ = {isa = PBXBuildFile; fileRef = 624262B81B4460CB00005CE3 /* ErrorHandling.swift */; };
		624262C41B4460CB00005CE3 /* ParseLoginHelper.swift in Sources */ = {isa = PBXBuildFile; fileRef = 624262B91B4460CB00005CE3 /* ParseLoginHelper.swift */; };
		624262C51B4460CB00005CE3 /* Images.xcassets in Resources */ = {isa = PBXBuildFile; fileRef = 624262BA1B4460CB00005CE3 /* Images.xcassets */; };
		624262C71B4460CB00005CE3 /* mainTableViewController.swift in Sources */ = {isa = PBXBuildFile; fileRef = 624262BD1B4460CB00005CE3 /* mainTableViewController.swift */; };
		62551B6C1B06BF6D000913E4 /* Bolts.framework in Frameworks */ = {isa = PBXBuildFile; fileRef = 62551B631B06BF6D000913E4 /* Bolts.framework */; };
		62551B6D1B06BF6D000913E4 /* FBSDKCoreKit.framework in Frameworks */ = {isa = PBXBuildFile; fileRef = 62551B641B06BF6D000913E4 /* FBSDKCoreKit.framework */; };
		62551B6E1B06BF6D000913E4 /* FBSDKLoginKit.framework in Frameworks */ = {isa = PBXBuildFile; fileRef = 62551B651B06BF6D000913E4 /* FBSDKLoginKit.framework */; };
		62551B6F1B06BF6D000913E4 /* FBSDKShareKit.framework in Frameworks */ = {isa = PBXBuildFile; fileRef = 62551B661B06BF6D000913E4 /* FBSDKShareKit.framework */; };
		62551B701B06BF6D000913E4 /* Parse.framework in Frameworks */ = {isa = PBXBuildFile; fileRef = 62551B671B06BF6D000913E4 /* Parse.framework */; };
		62551B711B06BF6D000913E4 /* ParseCrashReporting.framework in Frameworks */ = {isa = PBXBuildFile; fileRef = 62551B681B06BF6D000913E4 /* ParseCrashReporting.framework */; };
		62551B731B06BF6D000913E4 /* ParseFacebookUtilsV4.framework in Frameworks */ = {isa = PBXBuildFile; fileRef = 62551B6A1B06BF6D000913E4 /* ParseFacebookUtilsV4.framework */; };
		62551B741B06BF6D000913E4 /* ParseUI.framework in Frameworks */ = {isa = PBXBuildFile; fileRef = 62551B6B1B06BF6D000913E4 /* ParseUI.framework */; };
		62551B941B06C072000913E4 /* ConvenienceKit.framework in Frameworks */ = {isa = PBXBuildFile; fileRef = 62551B8E1B06BFD7000913E4 /* ConvenienceKit.framework */; };
		62551B961B06C2F5000913E4 /* Social.framework in Frameworks */ = {isa = PBXBuildFile; fileRef = 62551B951B06C2F5000913E4 /* Social.framework */; };
		62551B981B06C2FD000913E4 /* Accounts.framework in Frameworks */ = {isa = PBXBuildFile; fileRef = 62551B971B06C2FD000913E4 /* Accounts.framework */; };
		62551B9A1B06C31F000913E4 /* CoreLocation.framework in Frameworks */ = {isa = PBXBuildFile; fileRef = 62551B991B06C31F000913E4 /* CoreLocation.framework */; };
		62551B9C1B06C327000913E4 /* SystemConfiguration.framework in Frameworks */ = {isa = PBXBuildFile; fileRef = 62551B9B1B06C327000913E4 /* SystemConfiguration.framework */; };
		62551B9E1B06C354000913E4 /* MobileCoreServices.framework in Frameworks */ = {isa = PBXBuildFile; fileRef = 62551B9D1B06C354000913E4 /* MobileCoreServices.framework */; };
		62551BA01B06C35B000913E4 /* AudioToolbox.framework in Frameworks */ = {isa = PBXBuildFile; fileRef = 62551B9F1B06C35B000913E4 /* AudioToolbox.framework */; };
		62551BA21B06C373000913E4 /* libsqlite3.dylib in Frameworks */ = {isa = PBXBuildFile; fileRef = 62551BA11B06C373000913E4 /* libsqlite3.dylib */; };
		62A07D1E1B1E56C8001F6916 /* ConvenienceKit.framework in Embed Frameworks */ = {isa = PBXBuildFile; fileRef = 62551B8E1B06BFD7000913E4 /* ConvenienceKit.framework */; settings = {ATTRIBUTES = (CodeSignOnCopy, RemoveHeadersOnCopy, ); }; };
		62A07D661B1F79F2001F6916 /* libstdc++.6.dylib in Frameworks */ = {isa = PBXBuildFile; fileRef = 62A07D651B1F79F2001F6916 /* libstdc++.6.dylib */; };
		62A07D6E1B1F7FB9001F6916 /* Bond.framework in Frameworks */ = {isa = PBXBuildFile; fileRef = 62551B7E1B06BFA2000913E4 /* Bond.framework */; };
		62A07D6F1B1F7FB9001F6916 /* Bond.framework in Embed Frameworks */ = {isa = PBXBuildFile; fileRef = 62551B7E1B06BFA2000913E4 /* Bond.framework */; settings = {ATTRIBUTES = (CodeSignOnCopy, RemoveHeadersOnCopy, ); }; };
/* End PBXBuildFile section */

/* Begin PBXContainerItemProxy section */
		62551B7D1B06BFA2000913E4 /* PBXContainerItemProxy */ = {
			isa = PBXContainerItemProxy;
			containerPortal = 62551B751B06BFA2000913E4 /* Bond.xcodeproj */;
			proxyType = 2;
			remoteGlobalIDString = 69491BAE1A7C217100A13B6B;
			remoteInfo = Bond;
		};
		62551B7F1B06BFA2000913E4 /* PBXContainerItemProxy */ = {
			isa = PBXContainerItemProxy;
			containerPortal = 62551B751B06BFA2000913E4 /* Bond.xcodeproj */;
			proxyType = 2;
			remoteGlobalIDString = 69491BB91A7C217100A13B6B;
			remoteInfo = BondTests;
		};
		62551B811B06BFA2000913E4 /* PBXContainerItemProxy */ = {
			isa = PBXContainerItemProxy;
			containerPortal = 62551B751B06BFA2000913E4 /* Bond.xcodeproj */;
			proxyType = 2;
			remoteGlobalIDString = DCA979691A83C3A100DD4A30;
			remoteInfo = BondOSX;
		};
		62551B831B06BFA2000913E4 /* PBXContainerItemProxy */ = {
			isa = PBXContainerItemProxy;
			containerPortal = 62551B751B06BFA2000913E4 /* Bond.xcodeproj */;
			proxyType = 2;
			remoteGlobalIDString = DCA979731A83C3A200DD4A30;
			remoteInfo = BondOSXTests;
		};
		62551B851B06BFA2000913E4 /* PBXContainerItemProxy */ = {
			isa = PBXContainerItemProxy;
			containerPortal = 62551B751B06BFA2000913E4 /* Bond.xcodeproj */;
			proxyType = 2;
			remoteGlobalIDString = 03ACB4FE1AB555D6001B3E64;
			remoteInfo = iOSAppForTesting;
		};
		62551B8D1B06BFD7000913E4 /* PBXContainerItemProxy */ = {
			isa = PBXContainerItemProxy;
			containerPortal = 62551B871B06BFD7000913E4 /* ConvenienceKit.xcodeproj */;
			proxyType = 2;
			remoteGlobalIDString = 62EAE5DC1AD82A000069D0EC;
			remoteInfo = ConvenienceKit;
		};
		62551B8F1B06BFD7000913E4 /* PBXContainerItemProxy */ = {
			isa = PBXContainerItemProxy;
			containerPortal = 62551B871B06BFD7000913E4 /* ConvenienceKit.xcodeproj */;
			proxyType = 2;
			remoteGlobalIDString = 62EAE5E71AD82A000069D0EC;
			remoteInfo = ConvenienceKitTests;
		};
		62551B911B06BFD7000913E4 /* PBXContainerItemProxy */ = {
			isa = PBXContainerItemProxy;
			containerPortal = 62551B871B06BFD7000913E4 /* ConvenienceKit.xcodeproj */;
			proxyType = 2;
			remoteGlobalIDString = 62EAE65C1AD844C90069D0EC;
			remoteInfo = ConvenienceKitApp;
		};
		62A07D1F1B1E56C8001F6916 /* PBXContainerItemProxy */ = {
			isa = PBXContainerItemProxy;
			containerPortal = 62551B871B06BFD7000913E4 /* ConvenienceKit.xcodeproj */;
			proxyType = 1;
			remoteGlobalIDString = 62EAE5DB1AD82A000069D0EC;
			remoteInfo = ConvenienceKit;
		};
		62A07D701B1F7FB9001F6916 /* PBXContainerItemProxy */ = {
			isa = PBXContainerItemProxy;
			containerPortal = 62551B751B06BFA2000913E4 /* Bond.xcodeproj */;
			proxyType = 1;
			remoteGlobalIDString = 69491BAD1A7C217100A13B6B;
			remoteInfo = Bond;
		};
/* End PBXContainerItemProxy section */

/* Begin PBXCopyFilesBuildPhase section */
		62A07D1C1B1E56C2001F6916 /* Embed Frameworks */ = {
			isa = PBXCopyFilesBuildPhase;
			buildActionMask = 2147483647;
			dstPath = "";
			dstSubfolderSpec = 10;
			files = (
				62A07D6F1B1F7FB9001F6916 /* Bond.framework in Embed Frameworks */,
				62A07D1E1B1E56C8001F6916 /* ConvenienceKit.framework in Embed Frameworks */,
			);
			name = "Embed Frameworks";
			runOnlyForDeploymentPostprocessing = 0;
		};
/* End PBXCopyFilesBuildPhase section */

/* Begin PBXFileReference section */
		491176F11B55A0DA00665F1E /* newGameViewController.swift */ = {isa = PBXFileReference; fileEncoding = 4; lastKnownFileType = sourcecode.swift; name = newGameViewController.swift; path = Entities/newGameViewController.swift; sourceTree = "<group>"; };
		491176F61B55C55000665F1E /* headerViewCell.swift */ = {isa = PBXFileReference; fileEncoding = 4; lastKnownFileType = sourcecode.swift; path = headerViewCell.swift; sourceTree = "<group>"; };
		491176F81B55C55000665F1E /* NewGameTableViewController.swift */ = {isa = PBXFileReference; fileEncoding = 4; lastKnownFileType = sourcecode.swift; path = NewGameTableViewController.swift; sourceTree = "<group>"; };
		491176FC1B55C7B800665F1E /* mainGameTableViewCell.swift */ = {isa = PBXFileReference; fileEncoding = 4; lastKnownFileType = sourcecode.swift; path = mainGameTableViewCell.swift; sourceTree = "<group>"; };
		491176FE1B561DFA00665F1E /* SettingsViewController.swift */ = {isa = PBXFileReference; fileEncoding = 4; lastKnownFileType = sourcecode.swift; name = SettingsViewController.swift; path = Entities/SettingsViewController.swift; sourceTree = "<group>"; };
		491177001B56EA0800665F1E /* AddFriendsViewController.swift */ = {isa = PBXFileReference; fileEncoding = 4; lastKnownFileType = sourcecode.swift; name = AddFriendsViewController.swift; path = Entities/AddFriendsViewController.swift; sourceTree = "<group>"; };
		491177031B57017300665F1E /* Base */ = {isa = PBXFileReference; lastKnownFileType = file.storyboard; name = Base; path = Base.lproj/Main.storyboard; sourceTree = "<group>"; };
		491177071B57121300665F1E /* Profile Pictures? */ = {isa = PBXFileReference; fileEncoding = 4; lastKnownFileType = text; path = "Profile Pictures?"; sourceTree = "<group>"; };
		491177091B572B6100665F1E /* GameViewController.swift */ = {isa = PBXFileReference; fileEncoding = 4; lastKnownFileType = sourcecode.swift; name = GameViewController.swift; path = Entities/GameViewController.swift; sourceTree = "<group>"; };
		493E9FE51B6EF24900142DE1 /* Picture.swift */ = {isa = PBXFileReference; fileEncoding = 4; lastKnownFileType = sourcecode.swift; path = Picture.swift; sourceTree = "<group>"; };
		493E9FED1B6F06BA00142DE1 /* RandomPhrasesGenerator.swift */ = {isa = PBXFileReference; fileEncoding = 4; lastKnownFileType = sourcecode.swift; name = RandomPhrasesGenerator.swift; path = Entities/RandomPhrasesGenerator.swift; sourceTree = "<group>"; };
		493E9FEF1B6F117300142DE1 /* ChoiceViewController.swift */ = {isa = PBXFileReference; fileEncoding = 4; lastKnownFileType = sourcecode.swift; path = ChoiceViewController.swift; sourceTree = "<group>"; };
		493E9FF31B71797D00142DE1 /* TaggleSurprisedSmall.png */ = {isa = PBXFileReference; lastKnownFileType = image.png; path = TaggleSurprisedSmall.png; sourceTree = "<group>"; };
		493E9FF51B718C4300142DE1 /* AnswerBoxCorrect.png */ = {isa = PBXFileReference; lastKnownFileType = image.png; path = AnswerBoxCorrect.png; sourceTree = "<group>"; };
		493E9FF71B718C7500142DE1 /* AnswerBoxGrey.png */ = {isa = PBXFileReference; lastKnownFileType = image.png; path = AnswerBoxGrey.png; sourceTree = "<group>"; };
		498577831B682EBA005DEB59 /* TaggleStack.png */ = {isa = PBXFileReference; lastKnownFileType = image.png; name = TaggleStack.png; path = ../TaggleStack.png; sourceTree = "<group>"; };
		499419F71B5D78CF004F4760 /* AddFriendsTableViewCell.swift */ = {isa = PBXFileReference; fileEncoding = 4; lastKnownFileType = sourcecode.swift; path = AddFriendsTableViewCell.swift; sourceTree = "<group>"; };
		49941A031B5DC3F2004F4760 /* ParseHelper.swift */ = {isa = PBXFileReference; fileEncoding = 4; lastKnownFileType = sourcecode.swift; path = ParseHelper.swift; sourceTree = "<group>"; };
		49D1F4C21B6C21AE00E65DF3 /* TaggleTitle.png */ = {isa = PBXFileReference; lastKnownFileType = image.png; name = TaggleTitle.png; path = ../TaggleTitle.png; sourceTree = "<group>"; };
		49D1F4CB1B6C382700E65DF3 /* TaggleAngry.png */ = {isa = PBXFileReference; lastKnownFileType = image.png; path = TaggleAngry.png; sourceTree = "<group>"; };
		49D1F4CC1B6C382700E65DF3 /* TaggleHappy.png */ = {isa = PBXFileReference; lastKnownFileType = image.png; path = TaggleHappy.png; sourceTree = "<group>"; };
		49D1F4CD1B6C382700E65DF3 /* TaggleSad.png */ = {isa = PBXFileReference; lastKnownFileType = image.png; path = TaggleSad.png; sourceTree = "<group>"; };
		49D1F4CE1B6C382700E65DF3 /* TaggleSurprised.png */ = {isa = PBXFileReference; lastKnownFileType = image.png; path = TaggleSurprised.png; sourceTree = "<group>"; };
		49D232B51B599E6E003EA8C3 /* GameLogic.swift */ = {isa = PBXFileReference; fileEncoding = 4; lastKnownFileType = sourcecode.swift; name = GameLogic.swift; path = Entities/GameLogic.swift; sourceTree = "<group>"; };
		49F2162E1B5440D600D7872C /* Fabric.framework */ = {isa = PBXFileReference; lastKnownFileType = wrapper.framework; name = Fabric.framework; path = TemplateProject/Fabric.framework; sourceTree = "<group>"; };
		49F2162F1B5440D600D7872C /* Crashlytics.framework */ = {isa = PBXFileReference; lastKnownFileType = wrapper.framework; name = Crashlytics.framework; path = TemplateProject/Crashlytics.framework; sourceTree = "<group>"; };
		49F216411B54CFA900D7872C /* STHeitiLight.ttc */ = {isa = PBXFileReference; lastKnownFileType = file; path = STHeitiLight.ttc; sourceTree = "<group>"; };
		624262B21B4460CB00005CE3 /* AppDelegate.swift */ = {isa = PBXFileReference; fileEncoding = 4; lastKnownFileType = sourcecode.swift; path = AppDelegate.swift; sourceTree = "<group>"; };
		624262B41B4460CB00005CE3 /* Base */ = {isa = PBXFileReference; lastKnownFileType = file.xib; name = Base; path = Base.lproj/LaunchScreen.xib; sourceTree = "<group>"; };
		624262B81B4460CB00005CE3 /* ErrorHandling.swift */ = {isa = PBXFileReference; fileEncoding = 4; lastKnownFileType = sourcecode.swift; path = ErrorHandling.swift; sourceTree = "<group>"; };
		624262B91B4460CB00005CE3 /* ParseLoginHelper.swift */ = {isa = PBXFileReference; fileEncoding = 4; lastKnownFileType = sourcecode.swift; path = ParseLoginHelper.swift; sourceTree = "<group>"; };
		624262BA1B4460CB00005CE3 /* Images.xcassets */ = {isa = PBXFileReference; lastKnownFileType = folder.assetcatalog; path = Images.xcassets; sourceTree = "<group>"; };
		624262BB1B4460CB00005CE3 /* Info.plist */ = {isa = PBXFileReference; fileEncoding = 4; lastKnownFileType = text.plist.xml; path = Info.plist; sourceTree = "<group>"; };
		624262BC1B4460CB00005CE3 /* TemplateProject-Bridging-Header.h */ = {isa = PBXFileReference; fileEncoding = 4; lastKnownFileType = sourcecode.c.h; path = "TemplateProject-Bridging-Header.h"; sourceTree = "<group>"; };
		624262BD1B4460CB00005CE3 /* mainTableViewController.swift */ = {isa = PBXFileReference; fileEncoding = 4; lastKnownFileType = sourcecode.swift; path = mainTableViewController.swift; sourceTree = "<group>"; };
		62551B631B06BF6D000913E4 /* Bolts.framework */ = {isa = PBXFileReference; lastKnownFileType = wrapper.framework; name = Bolts.framework; path = Frameworks/Bolts.framework; sourceTree = "<group>"; };
		62551B641B06BF6D000913E4 /* FBSDKCoreKit.framework */ = {isa = PBXFileReference; lastKnownFileType = wrapper.framework; name = FBSDKCoreKit.framework; path = Frameworks/FBSDKCoreKit.framework; sourceTree = "<group>"; };
		62551B651B06BF6D000913E4 /* FBSDKLoginKit.framework */ = {isa = PBXFileReference; lastKnownFileType = wrapper.framework; name = FBSDKLoginKit.framework; path = Frameworks/FBSDKLoginKit.framework; sourceTree = "<group>"; };
		62551B661B06BF6D000913E4 /* FBSDKShareKit.framework */ = {isa = PBXFileReference; lastKnownFileType = wrapper.framework; name = FBSDKShareKit.framework; path = Frameworks/FBSDKShareKit.framework; sourceTree = "<group>"; };
		62551B671B06BF6D000913E4 /* Parse.framework */ = {isa = PBXFileReference; lastKnownFileType = wrapper.framework; name = Parse.framework; path = Frameworks/Parse.framework; sourceTree = "<group>"; };
		62551B681B06BF6D000913E4 /* ParseCrashReporting.framework */ = {isa = PBXFileReference; lastKnownFileType = wrapper.framework; name = ParseCrashReporting.framework; path = Frameworks/ParseCrashReporting.framework; sourceTree = "<group>"; };
		62551B691B06BF6D000913E4 /* ParseFacebookUtils.framework */ = {isa = PBXFileReference; lastKnownFileType = wrapper.framework; name = ParseFacebookUtils.framework; path = Frameworks/ParseFacebookUtils.framework; sourceTree = "<group>"; };
		62551B6A1B06BF6D000913E4 /* ParseFacebookUtilsV4.framework */ = {isa = PBXFileReference; lastKnownFileType = wrapper.framework; name = ParseFacebookUtilsV4.framework; path = Frameworks/ParseFacebookUtilsV4.framework; sourceTree = "<group>"; };
		62551B6B1B06BF6D000913E4 /* ParseUI.framework */ = {isa = PBXFileReference; lastKnownFileType = wrapper.framework; name = ParseUI.framework; path = Frameworks/ParseUI.framework; sourceTree = "<group>"; };
		62551B751B06BFA2000913E4 /* Bond.xcodeproj */ = {isa = PBXFileReference; lastKnownFileType = "wrapper.pb-project"; name = Bond.xcodeproj; path = Frameworks/Bond/Bond.xcodeproj; sourceTree = "<group>"; };
		62551B871B06BFD7000913E4 /* ConvenienceKit.xcodeproj */ = {isa = PBXFileReference; lastKnownFileType = "wrapper.pb-project"; name = ConvenienceKit.xcodeproj; path = Frameworks/ConvenienceKit/ConvenienceKit/ConvenienceKit.xcodeproj; sourceTree = "<group>"; };
		62551B951B06C2F5000913E4 /* Social.framework */ = {isa = PBXFileReference; lastKnownFileType = wrapper.framework; name = Social.framework; path = System/Library/Frameworks/Social.framework; sourceTree = SDKROOT; };
		62551B971B06C2FD000913E4 /* Accounts.framework */ = {isa = PBXFileReference; lastKnownFileType = wrapper.framework; name = Accounts.framework; path = System/Library/Frameworks/Accounts.framework; sourceTree = SDKROOT; };
		62551B991B06C31F000913E4 /* CoreLocation.framework */ = {isa = PBXFileReference; lastKnownFileType = wrapper.framework; name = CoreLocation.framework; path = System/Library/Frameworks/CoreLocation.framework; sourceTree = SDKROOT; };
		62551B9B1B06C327000913E4 /* SystemConfiguration.framework */ = {isa = PBXFileReference; lastKnownFileType = wrapper.framework; name = SystemConfiguration.framework; path = System/Library/Frameworks/SystemConfiguration.framework; sourceTree = SDKROOT; };
		62551B9D1B06C354000913E4 /* MobileCoreServices.framework */ = {isa = PBXFileReference; lastKnownFileType = wrapper.framework; name = MobileCoreServices.framework; path = System/Library/Frameworks/MobileCoreServices.framework; sourceTree = SDKROOT; };
		62551B9F1B06C35B000913E4 /* AudioToolbox.framework */ = {isa = PBXFileReference; lastKnownFileType = wrapper.framework; name = AudioToolbox.framework; path = System/Library/Frameworks/AudioToolbox.framework; sourceTree = SDKROOT; };
		62551BA11B06C373000913E4 /* libsqlite3.dylib */ = {isa = PBXFileReference; lastKnownFileType = "compiled.mach-o.dylib"; name = libsqlite3.dylib; path = usr/lib/libsqlite3.dylib; sourceTree = SDKROOT; };
		62A07D651B1F79F2001F6916 /* libstdc++.6.dylib */ = {isa = PBXFileReference; lastKnownFileType = "compiled.mach-o.dylib"; name = "libstdc++.6.dylib"; path = "usr/lib/libstdc++.6.dylib"; sourceTree = SDKROOT; };
		62C8C1E01B06BD6500DC3EA7 /* Taggle.app */ = {isa = PBXFileReference; explicitFileType = wrapper.application; includeInIndex = 0; path = Taggle.app; sourceTree = BUILT_PRODUCTS_DIR; };
/* End PBXFileReference section */

/* Begin PBXFrameworksBuildPhase section */
		62C8C1DD1B06BD6500DC3EA7 /* Frameworks */ = {
			isa = PBXFrameworksBuildPhase;
			buildActionMask = 2147483647;
			files = (
				62A07D661B1F79F2001F6916 /* libstdc++.6.dylib in Frameworks */,
				62551BA21B06C373000913E4 /* libsqlite3.dylib in Frameworks */,
				62551BA01B06C35B000913E4 /* AudioToolbox.framework in Frameworks */,
				49F216301B5440D600D7872C /* Fabric.framework in Frameworks */,
				62551B9E1B06C354000913E4 /* MobileCoreServices.framework in Frameworks */,
				62551B9C1B06C327000913E4 /* SystemConfiguration.framework in Frameworks */,
				49F216311B5440D600D7872C /* Crashlytics.framework in Frameworks */,
				62551B9A1B06C31F000913E4 /* CoreLocation.framework in Frameworks */,
				62551B981B06C2FD000913E4 /* Accounts.framework in Frameworks */,
				62551B961B06C2F5000913E4 /* Social.framework in Frameworks */,
				62551B941B06C072000913E4 /* ConvenienceKit.framework in Frameworks */,
				62551B741B06BF6D000913E4 /* ParseUI.framework in Frameworks */,
				62A07D6E1B1F7FB9001F6916 /* Bond.framework in Frameworks */,
				62551B6F1B06BF6D000913E4 /* FBSDKShareKit.framework in Frameworks */,
				62551B731B06BF6D000913E4 /* ParseFacebookUtilsV4.framework in Frameworks */,
				62551B711B06BF6D000913E4 /* ParseCrashReporting.framework in Frameworks */,
				62551B6C1B06BF6D000913E4 /* Bolts.framework in Frameworks */,
				62551B6D1B06BF6D000913E4 /* FBSDKCoreKit.framework in Frameworks */,
				62551B6E1B06BF6D000913E4 /* FBSDKLoginKit.framework in Frameworks */,
				62551B701B06BF6D000913E4 /* Parse.framework in Frameworks */,
			);
			runOnlyForDeploymentPostprocessing = 0;
		};
/* End PBXFrameworksBuildPhase section */

/* Begin PBXGroup section */
		491176F51B55C55000665F1E /* Cell View Controllers */ = {
			isa = PBXGroup;
			children = (
				491176F61B55C55000665F1E /* headerViewCell.swift */,
				491176FC1B55C7B800665F1E /* mainGameTableViewCell.swift */,
				491176F81B55C55000665F1E /* NewGameTableViewController.swift */,
				499419F71B5D78CF004F4760 /* AddFriendsTableViewCell.swift */,
			);
			path = "Cell View Controllers";
			sourceTree = "<group>";
		};
		49D1F4CA1B6C382700E65DF3 /* TaggleImages */ = {
			isa = PBXGroup;
			children = (
				498577831B682EBA005DEB59 /* TaggleStack.png */,
				49D1F4CB1B6C382700E65DF3 /* TaggleAngry.png */,
				493E9FF51B718C4300142DE1 /* AnswerBoxCorrect.png */,
				493E9FF71B718C7500142DE1 /* AnswerBoxGrey.png */,
				49D1F4CC1B6C382700E65DF3 /* TaggleHappy.png */,
				493E9FF31B71797D00142DE1 /* TaggleSurprisedSmall.png */,
				49D1F4CD1B6C382700E65DF3 /* TaggleSad.png */,
				49D1F4C21B6C21AE00E65DF3 /* TaggleTitle.png */,
				49D1F4CE1B6C382700E65DF3 /* TaggleSurprised.png */,
			);
			path = TaggleImages;
			sourceTree = "<group>";
		};
		49F2163C1B5475CE00D7872C /* Entities */ = {
			isa = PBXGroup;
			children = (
			);
			path = Entities;
			sourceTree = "<group>";
		};
		624262B11B4460CB00005CE3 /* TemplateProject */ = {
			isa = PBXGroup;
			children = (
				49F2163C1B5475CE00D7872C /* Entities */,
				624262B21B4460CB00005CE3 /* AppDelegate.swift */,
				624262BD1B4460CB00005CE3 /* mainTableViewController.swift */,
				491176F11B55A0DA00665F1E /* newGameViewController.swift */,
				491177001B56EA0800665F1E /* AddFriendsViewController.swift */,
				491176FE1B561DFA00665F1E /* SettingsViewController.swift */,
				491177091B572B6100665F1E /* GameViewController.swift */,
				493E9FEF1B6F117300142DE1 /* ChoiceViewController.swift */,
				493E9FED1B6F06BA00142DE1 /* RandomPhrasesGenerator.swift */,
				49D232B51B599E6E003EA8C3 /* GameLogic.swift */,
				624262B31B4460CB00005CE3 /* LaunchScreen.xib */,
				491177021B57017300665F1E /* Main.storyboard */,
				624262B71B4460CB00005CE3 /* Helpers */,
				624262BA1B4460CB00005CE3 /* Images.xcassets */,
				49D1F4CA1B6C382700E65DF3 /* TaggleImages */,
				624262BB1B4460CB00005CE3 /* Info.plist */,
				624262BC1B4460CB00005CE3 /* TemplateProject-Bridging-Header.h */,
				491176F51B55C55000665F1E /* Cell View Controllers */,
			);
			path = TemplateProject;
			sourceTree = "<group>";
		};
		624262B71B4460CB00005CE3 /* Helpers */ = {
			isa = PBXGroup;
			children = (
				493E9FE51B6EF24900142DE1 /* Picture.swift */,
				49941A031B5DC3F2004F4760 /* ParseHelper.swift */,
				624262B81B4460CB00005CE3 /* ErrorHandling.swift */,
				624262B91B4460CB00005CE3 /* ParseLoginHelper.swift */,
				491177071B57121300665F1E /* Profile Pictures? */,
				49F216411B54CFA900D7872C /* STHeitiLight.ttc */,
			);
			path = Helpers;
			sourceTree = "<group>";
		};
		62551B621B06BF33000913E4 /* Frameworks */ = {
			isa = PBXGroup;
			children = (
				49F2162E1B5440D600D7872C /* Fabric.framework */,
				49F2162F1B5440D600D7872C /* Crashlytics.framework */,
				62A07D651B1F79F2001F6916 /* libstdc++.6.dylib */,
				62551BA11B06C373000913E4 /* libsqlite3.dylib */,
				62551B9F1B06C35B000913E4 /* AudioToolbox.framework */,
				62551B9D1B06C354000913E4 /* MobileCoreServices.framework */,
				62551B9B1B06C327000913E4 /* SystemConfiguration.framework */,
				62551B991B06C31F000913E4 /* CoreLocation.framework */,
				62551B971B06C2FD000913E4 /* Accounts.framework */,
				62551B951B06C2F5000913E4 /* Social.framework */,
				62551B871B06BFD7000913E4 /* ConvenienceKit.xcodeproj */,
				62551B751B06BFA2000913E4 /* Bond.xcodeproj */,
				62551B631B06BF6D000913E4 /* Bolts.framework */,
				62551B641B06BF6D000913E4 /* FBSDKCoreKit.framework */,
				62551B651B06BF6D000913E4 /* FBSDKLoginKit.framework */,
				62551B661B06BF6D000913E4 /* FBSDKShareKit.framework */,
				62551B671B06BF6D000913E4 /* Parse.framework */,
				62551B681B06BF6D000913E4 /* ParseCrashReporting.framework */,
				62551B691B06BF6D000913E4 /* ParseFacebookUtils.framework */,
				62551B6A1B06BF6D000913E4 /* ParseFacebookUtilsV4.framework */,
				62551B6B1B06BF6D000913E4 /* ParseUI.framework */,
			);
			name = Frameworks;
			sourceTree = "<group>";
		};
		62551B761B06BFA2000913E4 /* Products */ = {
			isa = PBXGroup;
			children = (
				62551B7E1B06BFA2000913E4 /* Bond.framework */,
				62551B801B06BFA2000913E4 /* BondTests.xctest */,
				62551B821B06BFA2000913E4 /* Bond.framework */,
				62551B841B06BFA2000913E4 /* BondOSXTests.xctest */,
				62551B861B06BFA2000913E4 /* iOSAppForTesting.app */,
			);
			name = Products;
			sourceTree = "<group>";
		};
		62551B881B06BFD7000913E4 /* Products */ = {
			isa = PBXGroup;
			children = (
				62551B8E1B06BFD7000913E4 /* ConvenienceKit.framework */,
				62551B901B06BFD7000913E4 /* ConvenienceKitTests.xctest */,
				62551B921B06BFD7000913E4 /* ConvenienceKitApp.app */,
			);
			name = Products;
			sourceTree = "<group>";
		};
		62C8C1D71B06BD6500DC3EA7 = {
			isa = PBXGroup;
			children = (
				624262B11B4460CB00005CE3 /* TemplateProject */,
				62551B621B06BF33000913E4 /* Frameworks */,
				62C8C1E11B06BD6500DC3EA7 /* Products */,
			);
			sourceTree = "<group>";
		};
		62C8C1E11B06BD6500DC3EA7 /* Products */ = {
			isa = PBXGroup;
			children = (
				62C8C1E01B06BD6500DC3EA7 /* Taggle.app */,
			);
			name = Products;
			sourceTree = "<group>";
		};
/* End PBXGroup section */

/* Begin PBXNativeTarget section */
		62C8C1DF1B06BD6500DC3EA7 /* Taggle */ = {
			isa = PBXNativeTarget;
			buildConfigurationList = 62C8C1FF1B06BD6500DC3EA7 /* Build configuration list for PBXNativeTarget "Taggle" */;
			buildPhases = (
				62C8C1DC1B06BD6500DC3EA7 /* Sources */,
				62C8C1DD1B06BD6500DC3EA7 /* Frameworks */,
				62C8C1DE1B06BD6500DC3EA7 /* Resources */,
				62A07D1C1B1E56C2001F6916 /* Embed Frameworks */,
				49F2161F1B543C8200D7872C /* Fabric script */,
			);
			buildRules = (
			);
			dependencies = (
				62A07D201B1E56C8001F6916 /* PBXTargetDependency */,
				62A07D711B1F7FB9001F6916 /* PBXTargetDependency */,
			);
			name = Taggle;
			productName = Makestagram;
			productReference = 62C8C1E01B06BD6500DC3EA7 /* Taggle.app */;
			productType = "com.apple.product-type.application";
		};
/* End PBXNativeTarget section */

/* Begin PBXProject section */
		62C8C1D81B06BD6500DC3EA7 /* Project object */ = {
			isa = PBXProject;
			attributes = {
				LastUpgradeCheck = 0630;
				ORGANIZATIONNAME = "Make School";
				TargetAttributes = {
					62C8C1DF1B06BD6500DC3EA7 = {
						CreatedOnToolsVersion = 6.3;
						DevelopmentTeam = D6C7YNZ89Q;
					};
				};
			};
			buildConfigurationList = 62C8C1DB1B06BD6500DC3EA7 /* Build configuration list for PBXProject "Taggle" */;
			compatibilityVersion = "Xcode 3.2";
			developmentRegion = English;
			hasScannedForEncodings = 0;
			knownRegions = (
				en,
				Base,
			);
			mainGroup = 62C8C1D71B06BD6500DC3EA7;
			productRefGroup = 62C8C1E11B06BD6500DC3EA7 /* Products */;
			projectDirPath = "";
			projectReferences = (
				{
					ProductGroup = 62551B761B06BFA2000913E4 /* Products */;
					ProjectRef = 62551B751B06BFA2000913E4 /* Bond.xcodeproj */;
				},
				{
					ProductGroup = 62551B881B06BFD7000913E4 /* Products */;
					ProjectRef = 62551B871B06BFD7000913E4 /* ConvenienceKit.xcodeproj */;
				},
			);
			projectRoot = "";
			targets = (
				62C8C1DF1B06BD6500DC3EA7 /* Taggle */,
			);
		};
/* End PBXProject section */

/* Begin PBXReferenceProxy section */
		62551B7E1B06BFA2000913E4 /* Bond.framework */ = {
			isa = PBXReferenceProxy;
			fileType = wrapper.framework;
			path = Bond.framework;
			remoteRef = 62551B7D1B06BFA2000913E4 /* PBXContainerItemProxy */;
			sourceTree = BUILT_PRODUCTS_DIR;
		};
		62551B801B06BFA2000913E4 /* BondTests.xctest */ = {
			isa = PBXReferenceProxy;
			fileType = wrapper.cfbundle;
			path = BondTests.xctest;
			remoteRef = 62551B7F1B06BFA2000913E4 /* PBXContainerItemProxy */;
			sourceTree = BUILT_PRODUCTS_DIR;
		};
		62551B821B06BFA2000913E4 /* Bond.framework */ = {
			isa = PBXReferenceProxy;
			fileType = wrapper.framework;
			path = Bond.framework;
			remoteRef = 62551B811B06BFA2000913E4 /* PBXContainerItemProxy */;
			sourceTree = BUILT_PRODUCTS_DIR;
		};
		62551B841B06BFA2000913E4 /* BondOSXTests.xctest */ = {
			isa = PBXReferenceProxy;
			fileType = wrapper.cfbundle;
			path = BondOSXTests.xctest;
			remoteRef = 62551B831B06BFA2000913E4 /* PBXContainerItemProxy */;
			sourceTree = BUILT_PRODUCTS_DIR;
		};
		62551B861B06BFA2000913E4 /* iOSAppForTesting.app */ = {
			isa = PBXReferenceProxy;
			fileType = wrapper.application;
			path = iOSAppForTesting.app;
			remoteRef = 62551B851B06BFA2000913E4 /* PBXContainerItemProxy */;
			sourceTree = BUILT_PRODUCTS_DIR;
		};
		62551B8E1B06BFD7000913E4 /* ConvenienceKit.framework */ = {
			isa = PBXReferenceProxy;
			fileType = wrapper.framework;
			path = ConvenienceKit.framework;
			remoteRef = 62551B8D1B06BFD7000913E4 /* PBXContainerItemProxy */;
			sourceTree = BUILT_PRODUCTS_DIR;
		};
		62551B901B06BFD7000913E4 /* ConvenienceKitTests.xctest */ = {
			isa = PBXReferenceProxy;
			fileType = wrapper.cfbundle;
			path = ConvenienceKitTests.xctest;
			remoteRef = 62551B8F1B06BFD7000913E4 /* PBXContainerItemProxy */;
			sourceTree = BUILT_PRODUCTS_DIR;
		};
		62551B921B06BFD7000913E4 /* ConvenienceKitApp.app */ = {
			isa = PBXReferenceProxy;
			fileType = wrapper.application;
			path = ConvenienceKitApp.app;
			remoteRef = 62551B911B06BFD7000913E4 /* PBXContainerItemProxy */;
			sourceTree = BUILT_PRODUCTS_DIR;
		};
/* End PBXReferenceProxy section */

/* Begin PBXResourcesBuildPhase section */
		62C8C1DE1B06BD6500DC3EA7 /* Resources */ = {
			isa = PBXResourcesBuildPhase;
			buildActionMask = 2147483647;
			files = (
				49D1F4D01B6C382700E65DF3 /* TaggleHappy.png in Resources */,
				49D1F4C31B6C21AE00E65DF3 /* TaggleTitle.png in Resources */,
				624262C51B4460CB00005CE3 /* Images.xcassets in Resources */,
				491177041B57017300665F1E /* Main.storyboard in Resources */,
				493E9FF41B71797D00142DE1 /* TaggleSurprisedSmall.png in Resources */,
				498577841B682EBA005DEB59 /* TaggleStack.png in Resources */,
				49D1F4CF1B6C382700E65DF3 /* TaggleAngry.png in Resources */,
				624262C11B4460CB00005CE3 /* LaunchScreen.xib in Resources */,
				49D1F4D11B6C382700E65DF3 /* TaggleSad.png in Resources */,
				49F216421B54D05900D7872C /* STHeitiLight.ttc in Resources */,
				493E9FF81B718C7500142DE1 /* AnswerBoxGrey.png in Resources */,
				493E9FF61B718C4300142DE1 /* AnswerBoxCorrect.png in Resources */,
				49D1F4D21B6C382700E65DF3 /* TaggleSurprised.png in Resources */,
			);
			runOnlyForDeploymentPostprocessing = 0;
		};
/* End PBXResourcesBuildPhase section */

/* Begin PBXShellScriptBuildPhase section */
		49F2161F1B543C8200D7872C /* Fabric script */ = {
			isa = PBXShellScriptBuildPhase;
			buildActionMask = 2147483647;
			files = (
			);
			inputPaths = (
			);
			name = "Fabric script";
			outputPaths = (
			);
			runOnlyForDeploymentPostprocessing = 0;
			shellPath = /bin/sh;
			shellScript = "./TemplateProject/Fabric.framework/run 255d90c8c77e7f0c370662da40254849ca618ee2 5599874cffbee019760d7eb2ff4e7cfd14cb8a18265311ca0f32f71f41532c56";
		};
/* End PBXShellScriptBuildPhase section */

/* Begin PBXSourcesBuildPhase section */
		62C8C1DC1B06BD6500DC3EA7 /* Sources */ = {
			isa = PBXSourcesBuildPhase;
			buildActionMask = 2147483647;
			files = (
				491176FD1B55C7B800665F1E /* mainGameTableViewCell.swift in Sources */,
				624262C01B4460CB00005CE3 /* AppDelegate.swift in Sources */,
				624262C41B4460CB00005CE3 /* ParseLoginHelper.swift in Sources */,
				491177081B57121300665F1E /* Profile Pictures? in Sources */,
				4911770A1B572B6100665F1E /* GameViewController.swift in Sources */,
				491176F91B55C55000665F1E /* headerViewCell.swift in Sources */,
				491176FB1B55C55000665F1E /* NewGameTableViewController.swift in Sources */,
				491176F21B55A0DA00665F1E /* newGameViewController.swift in Sources */,
				491177011B56EA0800665F1E /* AddFriendsViewController.swift in Sources */,
				493E9FF01B6F117300142DE1 /* ChoiceViewController.swift in Sources */,
				624262C71B4460CB00005CE3 /* mainTableViewController.swift in Sources */,
				493E9FEE1B6F06BA00142DE1 /* RandomPhrasesGenerator.swift in Sources */,
				49D232B61B599E6E003EA8C3 /* GameLogic.swift in Sources */,
				493E9FE61B6EF24900142DE1 /* Picture.swift in Sources */,
				499419F81B5D78CF004F4760 /* AddFriendsTableViewCell.swift in Sources */,
				624262C31B4460CB00005CE3 /* ErrorHandling.swift in Sources */,
				491176FF1B561DFA00665F1E /* SettingsViewController.swift in Sources */,
				49941A041B5DC3F2004F4760 /* ParseHelper.swift in Sources */,
			);
			runOnlyForDeploymentPostprocessing = 0;
		};
/* End PBXSourcesBuildPhase section */

/* Begin PBXTargetDependency section */
		62A07D201B1E56C8001F6916 /* PBXTargetDependency */ = {
			isa = PBXTargetDependency;
			name = ConvenienceKit;
			targetProxy = 62A07D1F1B1E56C8001F6916 /* PBXContainerItemProxy */;
		};
		62A07D711B1F7FB9001F6916 /* PBXTargetDependency */ = {
			isa = PBXTargetDependency;
			name = Bond;
			targetProxy = 62A07D701B1F7FB9001F6916 /* PBXContainerItemProxy */;
		};
/* End PBXTargetDependency section */

/* Begin PBXVariantGroup section */
		491177021B57017300665F1E /* Main.storyboard */ = {
			isa = PBXVariantGroup;
			children = (
				491177031B57017300665F1E /* Base */,
			);
			name = Main.storyboard;
			sourceTree = "<group>";
		};
		624262B31B4460CB00005CE3 /* LaunchScreen.xib */ = {
			isa = PBXVariantGroup;
			children = (
				624262B41B4460CB00005CE3 /* Base */,
			);
			name = LaunchScreen.xib;
			sourceTree = "<group>";
		};
/* End PBXVariantGroup section */

/* Begin XCBuildConfiguration section */
		62C8C1FD1B06BD6500DC3EA7 /* Debug */ = {
			isa = XCBuildConfiguration;
			buildSettings = {
				ALWAYS_SEARCH_USER_PATHS = NO;
				CLANG_CXX_LANGUAGE_STANDARD = "gnu++0x";
				CLANG_CXX_LIBRARY = "libc++";
				CLANG_ENABLE_MODULES = YES;
				CLANG_ENABLE_OBJC_ARC = YES;
				CLANG_WARN_BOOL_CONVERSION = YES;
				CLANG_WARN_CONSTANT_CONVERSION = YES;
				CLANG_WARN_DIRECT_OBJC_ISA_USAGE = YES_ERROR;
				CLANG_WARN_EMPTY_BODY = YES;
				CLANG_WARN_ENUM_CONVERSION = YES;
				CLANG_WARN_INT_CONVERSION = YES;
				CLANG_WARN_OBJC_ROOT_CLASS = YES_ERROR;
				CLANG_WARN_UNREACHABLE_CODE = YES;
				CLANG_WARN__DUPLICATE_METHOD_MATCH = YES;
				"CODE_SIGN_IDENTITY[sdk=iphoneos*]" = "iPhone Developer";
				COPY_PHASE_STRIP = NO;
				DEBUG_INFORMATION_FORMAT = "dwarf-with-dsym";
				ENABLE_STRICT_OBJC_MSGSEND = YES;
				GCC_C_LANGUAGE_STANDARD = gnu99;
				GCC_DYNAMIC_NO_PIC = NO;
				GCC_NO_COMMON_BLOCKS = YES;
				GCC_OPTIMIZATION_LEVEL = 0;
				GCC_PREPROCESSOR_DEFINITIONS = (
					"DEBUG=1",
					"$(inherited)",
				);
				GCC_SYMBOLS_PRIVATE_EXTERN = NO;
				GCC_WARN_64_TO_32_BIT_CONVERSION = YES;
				GCC_WARN_ABOUT_RETURN_TYPE = YES_ERROR;
				GCC_WARN_UNDECLARED_SELECTOR = YES;
				GCC_WARN_UNINITIALIZED_AUTOS = YES_AGGRESSIVE;
				GCC_WARN_UNUSED_FUNCTION = YES;
				GCC_WARN_UNUSED_VARIABLE = YES;
				IPHONEOS_DEPLOYMENT_TARGET = 8.3;
				MTL_ENABLE_DEBUG_INFO = YES;
				ONLY_ACTIVE_ARCH = YES;
				SDKROOT = iphoneos;
				SWIFT_OPTIMIZATION_LEVEL = "-Onone";
				TARGETED_DEVICE_FAMILY = "1,2";
			};
			name = Debug;
		};
		62C8C1FE1B06BD6500DC3EA7 /* Release */ = {
			isa = XCBuildConfiguration;
			buildSettings = {
				ALWAYS_SEARCH_USER_PATHS = NO;
				CLANG_CXX_LANGUAGE_STANDARD = "gnu++0x";
				CLANG_CXX_LIBRARY = "libc++";
				CLANG_ENABLE_MODULES = YES;
				CLANG_ENABLE_OBJC_ARC = YES;
				CLANG_WARN_BOOL_CONVERSION = YES;
				CLANG_WARN_CONSTANT_CONVERSION = YES;
				CLANG_WARN_DIRECT_OBJC_ISA_USAGE = YES_ERROR;
				CLANG_WARN_EMPTY_BODY = YES;
				CLANG_WARN_ENUM_CONVERSION = YES;
				CLANG_WARN_INT_CONVERSION = YES;
				CLANG_WARN_OBJC_ROOT_CLASS = YES_ERROR;
				CLANG_WARN_UNREACHABLE_CODE = YES;
				CLANG_WARN__DUPLICATE_METHOD_MATCH = YES;
				"CODE_SIGN_IDENTITY[sdk=iphoneos*]" = "iPhone Developer";
				COPY_PHASE_STRIP = NO;
				DEBUG_INFORMATION_FORMAT = "dwarf-with-dsym";
				ENABLE_NS_ASSERTIONS = NO;
				ENABLE_STRICT_OBJC_MSGSEND = YES;
				GCC_C_LANGUAGE_STANDARD = gnu99;
				GCC_NO_COMMON_BLOCKS = YES;
				GCC_WARN_64_TO_32_BIT_CONVERSION = YES;
				GCC_WARN_ABOUT_RETURN_TYPE = YES_ERROR;
				GCC_WARN_UNDECLARED_SELECTOR = YES;
				GCC_WARN_UNINITIALIZED_AUTOS = YES_AGGRESSIVE;
				GCC_WARN_UNUSED_FUNCTION = YES;
				GCC_WARN_UNUSED_VARIABLE = YES;
				IPHONEOS_DEPLOYMENT_TARGET = 8.3;
				MTL_ENABLE_DEBUG_INFO = NO;
				SDKROOT = iphoneos;
				TARGETED_DEVICE_FAMILY = "1,2";
				VALIDATE_PRODUCT = YES;
			};
			name = Release;
		};
		62C8C2001B06BD6500DC3EA7 /* Debug */ = {
			isa = XCBuildConfiguration;
			buildSettings = {
				ASSETCATALOG_COMPILER_APPICON_NAME = AppIcon;
				CLANG_ENABLE_MODULES = YES;
				CODE_SIGN_IDENTITY = "iPhone Developer";
				"CODE_SIGN_IDENTITY[sdk=iphoneos*]" = "iPhone Developer";
				DEFINES_MODULE = YES;
				FRAMEWORK_SEARCH_PATHS = (
					"$(inherited)",
					"$(PROJECT_DIR)/Frameworks",
					"$(PROJECT_DIR)/Frameworks/ConvenienceKit/ConvenienceKit/Frameworks",
					"$(PROJECT_DIR)/TemplateProject",
				);
				INFOPLIST_FILE = TemplateProject/Info.plist;
				IPHONEOS_DEPLOYMENT_TARGET = 8.0;
				LD_RUNPATH_SEARCH_PATHS = "$(inherited) @executable_path/Frameworks";
				OTHER_LDFLAGS = "$(inherited)";
				PRODUCT_NAME = Taggle;
				PROVISIONING_PROFILE = "";
				SWIFT_OBJC_BRIDGING_HEADER = "TemplateProject/TemplateProject-Bridging-Header.h";
				SWIFT_OPTIMIZATION_LEVEL = "-Onone";
			};
			name = Debug;
		};
		62C8C2011B06BD6500DC3EA7 /* Release */ = {
			isa = XCBuildConfiguration;
			buildSettings = {
				ASSETCATALOG_COMPILER_APPICON_NAME = AppIcon;
				CLANG_ENABLE_MODULES = YES;
				CODE_SIGN_IDENTITY = "iPhone Developer";
				"CODE_SIGN_IDENTITY[sdk=iphoneos*]" = "iPhone Developer";
				DEFINES_MODULE = YES;
				FRAMEWORK_SEARCH_PATHS = (
					"$(inherited)",
					"$(PROJECT_DIR)/Frameworks",
					"$(PROJECT_DIR)/Frameworks/ConvenienceKit/ConvenienceKit/Frameworks",
					"$(PROJECT_DIR)/TemplateProject",
				);
				INFOPLIST_FILE = TemplateProject/Info.plist;
				IPHONEOS_DEPLOYMENT_TARGET = 8.0;
				LD_RUNPATH_SEARCH_PATHS = "$(inherited) @executable_path/Frameworks";
				OTHER_LDFLAGS = "$(inherited)";
				PRODUCT_NAME = Taggle;
				PROVISIONING_PROFILE = "";
				SWIFT_OBJC_BRIDGING_HEADER = "TemplateProject/TemplateProject-Bridging-Header.h";
			};
			name = Release;
		};
/* End XCBuildConfiguration section */

/* Begin XCConfigurationList section */
		62C8C1DB1B06BD6500DC3EA7 /* Build configuration list for PBXProject "Taggle" */ = {
			isa = XCConfigurationList;
			buildConfigurations = (
				62C8C1FD1B06BD6500DC3EA7 /* Debug */,
				62C8C1FE1B06BD6500DC3EA7 /* Release */,
			);
			defaultConfigurationIsVisible = 0;
			defaultConfigurationName = Release;
		};
		62C8C1FF1B06BD6500DC3EA7 /* Build configuration list for PBXNativeTarget "Taggle" */ = {
			isa = XCConfigurationList;
			buildConfigurations = (
				62C8C2001B06BD6500DC3EA7 /* Debug */,
				62C8C2011B06BD6500DC3EA7 /* Release */,
			);
			defaultConfigurationIsVisible = 0;
			defaultConfigurationName = Release;
		};
/* End XCConfigurationList section */
	};
	rootObject = 62C8C1D81B06BD6500DC3EA7 /* Project object */;
}
